
Microsoft Visual Studio Solution File, Format Version 12.00
# Visual Studio 15
VisualStudioVersion = 15.0.27703.2026
MinimumVisualStudioVersion = 10.0.40219.1
Project("{FAE04EC0-301F-11D3-BF4B-00C04F79EFBC}") = "sistemaContable", "sistemaContable\sistemaContable.csproj", "{9E271E78-86A5-443C-962E-35116C62D01C}"
EndProject
Global
	GlobalSection(SolutionConfigurationPlatforms) = preSolution
		Debug|Any CPU = Debug|Any CPU
		Release|Any CPU = Release|Any CPU
	EndGlobalSection
	GlobalSection(ProjectConfigurationPlatforms) = postSolution
		{9E271E78-86A5-443C-962E-35116C62D01C}.Debug|Any CPU.ActiveCfg = Debug|Any CPU
		{9E271E78-86A5-443C-962E-35116C62D01C}.Debug|Any CPU.Build.0 = Debug|Any CPU
		{9E271E78-86A5-443C-962E-35116C62D01C}.Release|Any CPU.ActiveCfg = Release|Any CPU
		{9E271E78-86A5-443C-962E-35116C62D01C}.Release|Any CPU.Build.0 = Release|Any CPU
	EndGlobalSection
	GlobalSection(SolutionProperties) = preSolution
		HideSolutionNode = FALSE
	EndGlobalSection
	GlobalSection(ExtensibilityGlobals) = postSolution
		SolutionGuid = {8E1A8A11-3B27-4E82-8F11-92E4ED581B76}
	EndGlobalSection
EndGlobal
