
Microsoft Visual Studio Solution File, Format Version 12.00
# Visual Studio 15
VisualStudioVersion = 15.0.27703.2026
MinimumVisualStudioVersion = 10.0.40219.1
Project("{FAE04EC0-301F-11D3-BF4B-00C04F79EFBC}") = "capaPresentacion", "capaPresentacion\capaPresentacion.csproj", "{1E90B829-D904-4112-BB00-CBBB3EB7255B}"
EndProject
Project("{FAE04EC0-301F-11D3-BF4B-00C04F79EFBC}") = "capaDatos", "capaDatos\capaDatos.csproj", "{53655B56-ED01-43CD-B2BC-7E43827A029C}"
EndProject
Global
	GlobalSection(SolutionConfigurationPlatforms) = preSolution
		Debug|Any CPU = Debug|Any CPU
		Release|Any CPU = Release|Any CPU
	EndGlobalSection
	GlobalSection(ProjectConfigurationPlatforms) = postSolution
		{1E90B829-D904-4112-BB00-CBBB3EB7255B}.Debug|Any CPU.ActiveCfg = Debug|Any CPU
		{1E90B829-D904-4112-BB00-CBBB3EB7255B}.Debug|Any CPU.Build.0 = Debug|Any CPU
		{1E90B829-D904-4112-BB00-CBBB3EB7255B}.Release|Any CPU.ActiveCfg = Release|Any CPU
		{1E90B829-D904-4112-BB00-CBBB3EB7255B}.Release|Any CPU.Build.0 = Release|Any CPU
		{53655B56-ED01-43CD-B2BC-7E43827A029C}.Debug|Any CPU.ActiveCfg = Debug|Any CPU
		{53655B56-ED01-43CD-B2BC-7E43827A029C}.Debug|Any CPU.Build.0 = Debug|Any CPU
		{53655B56-ED01-43CD-B2BC-7E43827A029C}.Release|Any CPU.ActiveCfg = Release|Any CPU
		{53655B56-ED01-43CD-B2BC-7E43827A029C}.Release|Any CPU.Build.0 = Release|Any CPU
	EndGlobalSection
	GlobalSection(SolutionProperties) = preSolution
		HideSolutionNode = FALSE
	EndGlobalSection
	GlobalSection(ExtensibilityGlobals) = postSolution
		SolutionGuid = {D34BDC2D-BCD3-435A-A4C4-1BB7ADD8C2C4}
	EndGlobalSection
EndGlobal
